
Microsoft Visual Studio Solution File, Format Version 12.00
# Visual Studio Version 17
VisualStudioVersion = 17.6.33829.357
MinimumVisualStudioVersion = 10.0.40219.1
Project("{FAE04EC0-301F-11D3-BF4B-00C04F79EFBC}") = "Repeat 2", "Repeat 2\Repeat 2.csproj", "{D1C988C7-6419-40F5-9964-310730551DBD}"
EndProject
Global
	GlobalSection(SolutionConfigurationPlatforms) = preSolution
		Debug|Any CPU = Debug|Any CPU
		Release|Any CPU = Release|Any CPU
	EndGlobalSection
	GlobalSection(ProjectConfigurationPlatforms) = postSolution
		{D1C988C7-6419-40F5-9964-310730551DBD}.Debug|Any CPU.ActiveCfg = Debug|Any CPU
		{D1C988C7-6419-40F5-9964-310730551DBD}.Debug|Any CPU.Build.0 = Debug|Any CPU
		{D1C988C7-6419-40F5-9964-310730551DBD}.Release|Any CPU.ActiveCfg = Release|Any CPU
		{D1C988C7-6419-40F5-9964-310730551DBD}.Release|Any CPU.Build.0 = Release|Any CPU
	EndGlobalSection
	GlobalSection(SolutionProperties) = preSolution
		HideSolutionNode = FALSE
	EndGlobalSection
	GlobalSection(ExtensibilityGlobals) = postSolution
		SolutionGuid = {0D2AB74F-4CCD-43CC-B67A-5F995C4E6257}
	EndGlobalSection
EndGlobal
